
Microsoft Visual Studio Solution File, Format Version 12.00
# Visual Studio Version 17
VisualStudioVersion = 17.5.33627.172
MinimumVisualStudioVersion = 10.0.40219.1
Project("{FAE04EC0-301F-11D3-BF4B-00C04F79EFBC}") = "test2", "test2\test2.csproj", "{99F7B78D-7AE5-4CF4-82E4-3AD13481889C}"
EndProject
Project("{FAE04EC0-301F-11D3-BF4B-00C04F79EFBC}") = "test3", "test3\test3.csproj", "{4A94F806-CD18-4A9F-BE29-4E9F43C2F2C5}"
EndProject
Project("{FAE04EC0-301F-11D3-BF4B-00C04F79EFBC}") = "Check_even_odd", "Check_even_odd\Check_even_odd.csproj", "{10A5544A-7C9B-4FCD-9566-82E0A830E80E}"
EndProject
Project("{FAE04EC0-301F-11D3-BF4B-00C04F79EFBC}") = "Calc", "Calc\Calc.csproj", "{03C4FE34-567D-4F93-9711-2901FE66DF59}"
EndProject
Project("{FAE04EC0-301F-11D3-BF4B-00C04F79EFBC}") = "Calc_switch", "Calc_switch\Calc_switch.csproj", "{95E25B41-4DDC-4108-ABE6-8F3AF9B311B0}"
EndProject
Project("{FAE04EC0-301F-11D3-BF4B-00C04F79EFBC}") = "Count_even_add_in_range", "Count_even_add_in_range\Count_even_add_in_range.csproj", "{50ECD017-7F79-462A-B678-899548F3E654}"
EndProject
Project("{FAE04EC0-301F-11D3-BF4B-00C04F79EFBC}") = "draw_triangle", "draw_triangle\draw_triangle.csproj", "{ABEA058E-065A-4893-A43C-915E8374E431}"
EndProject
Project("{FAE04EC0-301F-11D3-BF4B-00C04F79EFBC}") = "Arrays", "Arrays\Arrays.csproj", "{B0EE8DD4-8689-41F0-9BD8-B038C64ECE04}"
EndProject
Project("{FAE04EC0-301F-11D3-BF4B-00C04F79EFBC}") = "Aray with unique values", "Aray with unique values\Aray with unique values.csproj", "{935F267D-B6D8-4E9C-A3E2-230C0285FE04}"
EndProject
Project("{FAE04EC0-301F-11D3-BF4B-00C04F79EFBC}") = "Methods", "Methods\Methods.csproj", "{FB7B6B6B-B310-4A0C-BD62-30228B866885}"
EndProject
Project("{FAE04EC0-301F-11D3-BF4B-00C04F79EFBC}") = "Resize", "Resize\Resize.csproj", "{54D5A341-07CE-4F03-A2CF-CB510CFCA257}"
EndProject
Project("{FAE04EC0-301F-11D3-BF4B-00C04F79EFBC}") = "Add_to_array", "Add_to_array\Add_to_array.csproj", "{3962D77D-850B-44DA-A7B2-5B550FC571B7}"
EndProject
Project("{FAE04EC0-301F-11D3-BF4B-00C04F79EFBC}") = "Remove_value_from_array", "Remove_value_from_array\Remove_value_from_array.csproj", "{BCE060E8-EAB3-40B0-82AD-4C8C4554EE27}"
EndProject
Global
	GlobalSection(SolutionConfigurationPlatforms) = preSolution
		Debug|Any CPU = Debug|Any CPU
		Release|Any CPU = Release|Any CPU
	EndGlobalSection
	GlobalSection(ProjectConfigurationPlatforms) = postSolution
		{99F7B78D-7AE5-4CF4-82E4-3AD13481889C}.Debug|Any CPU.ActiveCfg = Debug|Any CPU
		{99F7B78D-7AE5-4CF4-82E4-3AD13481889C}.Debug|Any CPU.Build.0 = Debug|Any CPU
		{99F7B78D-7AE5-4CF4-82E4-3AD13481889C}.Release|Any CPU.ActiveCfg = Release|Any CPU
		{99F7B78D-7AE5-4CF4-82E4-3AD13481889C}.Release|Any CPU.Build.0 = Release|Any CPU
		{4A94F806-CD18-4A9F-BE29-4E9F43C2F2C5}.Debug|Any CPU.ActiveCfg = Debug|Any CPU
		{4A94F806-CD18-4A9F-BE29-4E9F43C2F2C5}.Debug|Any CPU.Build.0 = Debug|Any CPU
		{4A94F806-CD18-4A9F-BE29-4E9F43C2F2C5}.Release|Any CPU.ActiveCfg = Release|Any CPU
		{4A94F806-CD18-4A9F-BE29-4E9F43C2F2C5}.Release|Any CPU.Build.0 = Release|Any CPU
		{10A5544A-7C9B-4FCD-9566-82E0A830E80E}.Debug|Any CPU.ActiveCfg = Debug|Any CPU
		{10A5544A-7C9B-4FCD-9566-82E0A830E80E}.Debug|Any CPU.Build.0 = Debug|Any CPU
		{10A5544A-7C9B-4FCD-9566-82E0A830E80E}.Release|Any CPU.ActiveCfg = Release|Any CPU
		{10A5544A-7C9B-4FCD-9566-82E0A830E80E}.Release|Any CPU.Build.0 = Release|Any CPU
		{03C4FE34-567D-4F93-9711-2901FE66DF59}.Debug|Any CPU.ActiveCfg = Debug|Any CPU
		{03C4FE34-567D-4F93-9711-2901FE66DF59}.Debug|Any CPU.Build.0 = Debug|Any CPU
		{03C4FE34-567D-4F93-9711-2901FE66DF59}.Release|Any CPU.ActiveCfg = Release|Any CPU
		{03C4FE34-567D-4F93-9711-2901FE66DF59}.Release|Any CPU.Build.0 = Release|Any CPU
		{95E25B41-4DDC-4108-ABE6-8F3AF9B311B0}.Debug|Any CPU.ActiveCfg = Debug|Any CPU
		{95E25B41-4DDC-4108-ABE6-8F3AF9B311B0}.Debug|Any CPU.Build.0 = Debug|Any CPU
		{95E25B41-4DDC-4108-ABE6-8F3AF9B311B0}.Release|Any CPU.ActiveCfg = Release|Any CPU
		{95E25B41-4DDC-4108-ABE6-8F3AF9B311B0}.Release|Any CPU.Build.0 = Release|Any CPU
		{50ECD017-7F79-462A-B678-899548F3E654}.Debug|Any CPU.ActiveCfg = Debug|Any CPU
		{50ECD017-7F79-462A-B678-899548F3E654}.Debug|Any CPU.Build.0 = Debug|Any CPU
		{50ECD017-7F79-462A-B678-899548F3E654}.Release|Any CPU.ActiveCfg = Release|Any CPU
		{50ECD017-7F79-462A-B678-899548F3E654}.Release|Any CPU.Build.0 = Release|Any CPU
		{ABEA058E-065A-4893-A43C-915E8374E431}.Debug|Any CPU.ActiveCfg = Debug|Any CPU
		{ABEA058E-065A-4893-A43C-915E8374E431}.Debug|Any CPU.Build.0 = Debug|Any CPU
		{ABEA058E-065A-4893-A43C-915E8374E431}.Release|Any CPU.ActiveCfg = Release|Any CPU
		{ABEA058E-065A-4893-A43C-915E8374E431}.Release|Any CPU.Build.0 = Release|Any CPU
		{B0EE8DD4-8689-41F0-9BD8-B038C64ECE04}.Debug|Any CPU.ActiveCfg = Debug|Any CPU
		{B0EE8DD4-8689-41F0-9BD8-B038C64ECE04}.Debug|Any CPU.Build.0 = Debug|Any CPU
		{B0EE8DD4-8689-41F0-9BD8-B038C64ECE04}.Release|Any CPU.ActiveCfg = Release|Any CPU
		{B0EE8DD4-8689-41F0-9BD8-B038C64ECE04}.Release|Any CPU.Build.0 = Release|Any CPU
		{935F267D-B6D8-4E9C-A3E2-230C0285FE04}.Debug|Any CPU.ActiveCfg = Debug|Any CPU
		{935F267D-B6D8-4E9C-A3E2-230C0285FE04}.Debug|Any CPU.Build.0 = Debug|Any CPU
		{935F267D-B6D8-4E9C-A3E2-230C0285FE04}.Release|Any CPU.ActiveCfg = Release|Any CPU
		{935F267D-B6D8-4E9C-A3E2-230C0285FE04}.Release|Any CPU.Build.0 = Release|Any CPU
		{FB7B6B6B-B310-4A0C-BD62-30228B866885}.Debug|Any CPU.ActiveCfg = Debug|Any CPU
		{FB7B6B6B-B310-4A0C-BD62-30228B866885}.Debug|Any CPU.Build.0 = Debug|Any CPU
		{FB7B6B6B-B310-4A0C-BD62-30228B866885}.Release|Any CPU.ActiveCfg = Release|Any CPU
		{FB7B6B6B-B310-4A0C-BD62-30228B866885}.Release|Any CPU.Build.0 = Release|Any CPU
		{54D5A341-07CE-4F03-A2CF-CB510CFCA257}.Debug|Any CPU.ActiveCfg = Debug|Any CPU
		{54D5A341-07CE-4F03-A2CF-CB510CFCA257}.Debug|Any CPU.Build.0 = Debug|Any CPU
		{54D5A341-07CE-4F03-A2CF-CB510CFCA257}.Release|Any CPU.ActiveCfg = Release|Any CPU
		{54D5A341-07CE-4F03-A2CF-CB510CFCA257}.Release|Any CPU.Build.0 = Release|Any CPU
		{3962D77D-850B-44DA-A7B2-5B550FC571B7}.Debug|Any CPU.ActiveCfg = Debug|Any CPU
		{3962D77D-850B-44DA-A7B2-5B550FC571B7}.Debug|Any CPU.Build.0 = Debug|Any CPU
		{3962D77D-850B-44DA-A7B2-5B550FC571B7}.Release|Any CPU.ActiveCfg = Release|Any CPU
		{3962D77D-850B-44DA-A7B2-5B550FC571B7}.Release|Any CPU.Build.0 = Release|Any CPU
		{BCE060E8-EAB3-40B0-82AD-4C8C4554EE27}.Debug|Any CPU.ActiveCfg = Debug|Any CPU
		{BCE060E8-EAB3-40B0-82AD-4C8C4554EE27}.Debug|Any CPU.Build.0 = Debug|Any CPU
		{BCE060E8-EAB3-40B0-82AD-4C8C4554EE27}.Release|Any CPU.ActiveCfg = Release|Any CPU
		{BCE060E8-EAB3-40B0-82AD-4C8C4554EE27}.Release|Any CPU.Build.0 = Release|Any CPU
	EndGlobalSection
	GlobalSection(SolutionProperties) = preSolution
		HideSolutionNode = FALSE
	EndGlobalSection
	GlobalSection(ExtensibilityGlobals) = postSolution
		SolutionGuid = {7881AD79-8915-4936-AF7C-83F5E67D58EE}
	EndGlobalSection
EndGlobal
